
Microsoft Visual Studio Solution File, Format Version 12.00
# Visual Studio Version 16
VisualStudioVersion = 16.0.29409.12
MinimumVisualStudioVersion = 10.0.40219.1
Project("{FAE04EC0-301F-11D3-BF4B-00C04F79EFBC}") = "ReceiveLogs", "ReceiveLogs\ReceiveLogs.csproj", "{C4835159-BC29-44E8-A3EF-E4A5AA2ADA6C}"
EndProject
Project("{9A19103F-16F7-4668-BE54-9A1E7A4F7556}") = "RabbitMQ", "EmitLog\RabbitMQ.csproj", "{1AB6D0C2-8C2F-48C2-B4B1-993216FC4A1E}"
EndProject
Global
	GlobalSection(SolutionConfigurationPlatforms) = preSolution
		Debug|Any CPU = Debug|Any CPU
		Release|Any CPU = Release|Any CPU
	EndGlobalSection
	GlobalSection(ProjectConfigurationPlatforms) = postSolution
		{C4835159-BC29-44E8-A3EF-E4A5AA2ADA6C}.Debug|Any CPU.ActiveCfg = Debug|Any CPU
		{C4835159-BC29-44E8-A3EF-E4A5AA2ADA6C}.Debug|Any CPU.Build.0 = Debug|Any CPU
		{C4835159-BC29-44E8-A3EF-E4A5AA2ADA6C}.Release|Any CPU.ActiveCfg = Release|Any CPU
		{C4835159-BC29-44E8-A3EF-E4A5AA2ADA6C}.Release|Any CPU.Build.0 = Release|Any CPU
		{1AB6D0C2-8C2F-48C2-B4B1-993216FC4A1E}.Debug|Any CPU.ActiveCfg = Debug|Any CPU
		{1AB6D0C2-8C2F-48C2-B4B1-993216FC4A1E}.Debug|Any CPU.Build.0 = Debug|Any CPU
		{1AB6D0C2-8C2F-48C2-B4B1-993216FC4A1E}.Release|Any CPU.ActiveCfg = Release|Any CPU
		{1AB6D0C2-8C2F-48C2-B4B1-993216FC4A1E}.Release|Any CPU.Build.0 = Release|Any CPU
	EndGlobalSection
	GlobalSection(SolutionProperties) = preSolution
		HideSolutionNode = FALSE
	EndGlobalSection
	GlobalSection(ExtensibilityGlobals) = postSolution
		SolutionGuid = {093F17EC-A6DF-49C0-B68C-DE8E897E1FD7}
	EndGlobalSection
EndGlobal
